
Microsoft Visual Studio Solution File, Format Version 12.00
# Visual Studio 15
VisualStudioVersion = 15.0.28010.2048
MinimumVisualStudioVersion = 10.0.40219.1
Project("{FAE04EC0-301F-11D3-BF4B-00C04F79EFBC}") = "SPlib.Presentation", "SPlib.Presentation\SPlib.Presentation.csproj", "{DD2B5EAC-C5A0-4BCA-95EC-A561ABEDF97B}"
EndProject
Project("{FAE04EC0-301F-11D3-BF4B-00C04F79EFBC}") = "SPlib.Core", "SPlib.Core\SPlib.Core.csproj", "{7EB324E0-3218-42EC-B694-8A6D15977E64}"
EndProject
Global
	GlobalSection(SolutionConfigurationPlatforms) = preSolution
		Debug|Any CPU = Debug|Any CPU
		Release|Any CPU = Release|Any CPU
	EndGlobalSection
	GlobalSection(ProjectConfigurationPlatforms) = postSolution
		{DD2B5EAC-C5A0-4BCA-95EC-A561ABEDF97B}.Debug|Any CPU.ActiveCfg = Debug|Any CPU
		{DD2B5EAC-C5A0-4BCA-95EC-A561ABEDF97B}.Debug|Any CPU.Build.0 = Debug|Any CPU
		{DD2B5EAC-C5A0-4BCA-95EC-A561ABEDF97B}.Release|Any CPU.ActiveCfg = Release|Any CPU
		{DD2B5EAC-C5A0-4BCA-95EC-A561ABEDF97B}.Release|Any CPU.Build.0 = Release|Any CPU
		{7EB324E0-3218-42EC-B694-8A6D15977E64}.Debug|Any CPU.ActiveCfg = Debug|Any CPU
		{7EB324E0-3218-42EC-B694-8A6D15977E64}.Debug|Any CPU.Build.0 = Debug|Any CPU
		{7EB324E0-3218-42EC-B694-8A6D15977E64}.Release|Any CPU.ActiveCfg = Release|Any CPU
		{7EB324E0-3218-42EC-B694-8A6D15977E64}.Release|Any CPU.Build.0 = Release|Any CPU
	EndGlobalSection
	GlobalSection(SolutionProperties) = preSolution
		HideSolutionNode = FALSE
	EndGlobalSection
	GlobalSection(ExtensibilityGlobals) = postSolution
		SolutionGuid = {389E63A4-CA28-4159-9DAC-A31E7567A931}
	EndGlobalSection
EndGlobal
